{
    "name": "google-books-api-cli-app",
    "version": "1.0.0",
    "lockfileVersion": 1,
    "requires": true,
    "dependencies": {
        "coffee-script": {
            "version": "1.12.7",
            "resolved": "https://registry.npmjs.org/coffee-script/-/coffee-script-1.12.7.tgz",
            "integrity": "sha512-fLeEhqwymYat/MpTPUjSKHVYYl0ec2mOyALEMLmzr5i1isuG+6jfI2j2d5oBO3VIzgUXgBVIcOT9uH1TFxBckw=="
        },
        "dotenv": {
            "version": "8.2.0",
            "resolved": "https://registry.npmjs.org/dotenv/-/dotenv-8.2.0.tgz",
            "integrity": "sha512-8sJ78ElpbDJBHNeBzUbUVLsqKdccaa/BXF1uPTw3GrvQTBgrQrtObr2mUrE38vzYd8cEv+m/JBfDLioYcfXoaw=="
        },
        "gapi": {
            "version": "0.0.3",
            "resolved": "https://registry.npmjs.org/gapi/-/gapi-0.0.3.tgz",
            "integrity": "sha1-vCDpUhrQH0pC1p+OAGDJtLrjRPQ=",
            "requires": {
                "coffee-script": "*"
            }
        }
    }
}
